{
  "requires": true,
  "lockfileVersion": 1,
  "dependencies": {
    "react-pdf-scroll": {
      "version": "1.0.0",
      "resolved": "https://registry.npmjs.org/react-pdf-scroll/-/react-pdf-scroll-1.0.0.tgz",
      "integrity": "sha512-pCKQncHDAvaSpMdnOf5KZKn7rQ0eyUccsvHiITz2uhuF+av6H+1dRi6fAJDB/NzY7zDAWgDPTvUpuIGKqGOnaQ=="
    }
  }
}
